
Microsoft Visual Studio Solution File, Format Version 12.00
# Visual Studio 15
VisualStudioVersion = 15.0.28010.2003
MinimumVisualStudioVersion = 10.0.40219.1
Project("{FAE04EC0-301F-11D3-BF4B-00C04F79EFBC}") = "ModernPentathlon.DataAccessLayer", "ModernPentathlon.DataAccessLayer\ModernPentathlon.DataAccessLayer.csproj", "{272280AB-FD14-415D-8882-7A46BA664411}"
EndProject
Project("{FAE04EC0-301F-11D3-BF4B-00C04F79EFBC}") = "ModernPentathlon.DataBaseScheme", "ModernPentathlon.DataBaseScheme\ModernPentathlon.DataBaseScheme.csproj", "{94B18E6D-C9EB-456B-8544-7C003032C405}"
EndProject
Project("{FAE04EC0-301F-11D3-BF4B-00C04F79EFBC}") = "ModernPentathlon.Common", "ModernPentathlon.Common\ModernPentathlon.Common.csproj", "{8B7D779B-EDB1-42B5-9E11-11E4CBD7AB8C}"
EndProject
Global
	GlobalSection(SolutionConfigurationPlatforms) = preSolution
		Debug|Any CPU = Debug|Any CPU
		Release|Any CPU = Release|Any CPU
	EndGlobalSection
	GlobalSection(ProjectConfigurationPlatforms) = postSolution
		{272280AB-FD14-415D-8882-7A46BA664411}.Debug|Any CPU.ActiveCfg = Debug|Any CPU
		{272280AB-FD14-415D-8882-7A46BA664411}.Debug|Any CPU.Build.0 = Debug|Any CPU
		{272280AB-FD14-415D-8882-7A46BA664411}.Release|Any CPU.ActiveCfg = Release|Any CPU
		{272280AB-FD14-415D-8882-7A46BA664411}.Release|Any CPU.Build.0 = Release|Any CPU
		{94B18E6D-C9EB-456B-8544-7C003032C405}.Debug|Any CPU.ActiveCfg = Debug|Any CPU
		{94B18E6D-C9EB-456B-8544-7C003032C405}.Debug|Any CPU.Build.0 = Debug|Any CPU
		{94B18E6D-C9EB-456B-8544-7C003032C405}.Release|Any CPU.ActiveCfg = Release|Any CPU
		{94B18E6D-C9EB-456B-8544-7C003032C405}.Release|Any CPU.Build.0 = Release|Any CPU
		{8B7D779B-EDB1-42B5-9E11-11E4CBD7AB8C}.Debug|Any CPU.ActiveCfg = Debug|Any CPU
		{8B7D779B-EDB1-42B5-9E11-11E4CBD7AB8C}.Debug|Any CPU.Build.0 = Debug|Any CPU
		{8B7D779B-EDB1-42B5-9E11-11E4CBD7AB8C}.Release|Any CPU.ActiveCfg = Release|Any CPU
		{8B7D779B-EDB1-42B5-9E11-11E4CBD7AB8C}.Release|Any CPU.Build.0 = Release|Any CPU
	EndGlobalSection
	GlobalSection(SolutionProperties) = preSolution
		HideSolutionNode = FALSE
	EndGlobalSection
	GlobalSection(ExtensibilityGlobals) = postSolution
		SolutionGuid = {240C40EC-5A29-4C48-9D4C-7B8768ED7523}
	EndGlobalSection
EndGlobal
